
Microsoft Visual Studio Solution File, Format Version 12.00
# Visual Studio Version 17
VisualStudioVersion = 17.2.32505.173
MinimumVisualStudioVersion = 10.0.40219.1
Project("{8BC9CEB8-8B4A-11D0-8D11-00A0C91BC942}") = "MallocMicrobench", "MallocMicrobench.vcxproj", "{42F05E27-F781-4641-9075-D351547BE8D4}"
EndProject
Global
	GlobalSection(SolutionConfigurationPlatforms) = preSolution
		Debug-CRT|x64 = Debug-CRT|x64
		Release-CRT|x64 = Release-CRT|x64
		Release-jemalloc|x64 = Release-jemalloc|x64
		Release-mimalloc|x64 = Release-mimalloc|x64
		Release-rpmalloc|x64 = Release-rpmalloc|x64
	EndGlobalSection
	GlobalSection(ProjectConfigurationPlatforms) = postSolution
		{42F05E27-F781-4641-9075-D351547BE8D4}.Debug-CRT|x64.ActiveCfg = Debug-CRT|x64
		{42F05E27-F781-4641-9075-D351547BE8D4}.Debug-CRT|x64.Build.0 = Debug-CRT|x64
		{42F05E27-F781-4641-9075-D351547BE8D4}.Release-CRT|x64.ActiveCfg = Release-CRT|x64
		{42F05E27-F781-4641-9075-D351547BE8D4}.Release-CRT|x64.Build.0 = Release-CRT|x64
		{42F05E27-F781-4641-9075-D351547BE8D4}.Release-jemalloc|x64.ActiveCfg = Release-jemalloc|x64
		{42F05E27-F781-4641-9075-D351547BE8D4}.Release-jemalloc|x64.Build.0 = Release-jemalloc|x64
		{42F05E27-F781-4641-9075-D351547BE8D4}.Release-mimalloc|x64.ActiveCfg = Release-mimalloc|x64
		{42F05E27-F781-4641-9075-D351547BE8D4}.Release-rpmalloc|x64.ActiveCfg = Release-rpmalloc|x64
		{42F05E27-F781-4641-9075-D351547BE8D4}.Release-rpmalloc|x64.Build.0 = Release-rpmalloc|x64
	EndGlobalSection
	GlobalSection(SolutionProperties) = preSolution
		HideSolutionNode = FALSE
	EndGlobalSection
	GlobalSection(ExtensibilityGlobals) = postSolution
		SolutionGuid = {D7D7B5A5-ED9F-490E-AE60-DC04FB3D6DD5}
	EndGlobalSection
EndGlobal
