<?xml version="1.0" encoding="utf-8"?>
<Project ToolsVersion="4.0" xmlns="http://schemas.microsoft.com/developer/msbuild/2003">
  <ItemGroup>
    <Filter Include="Source Files">
      <UniqueIdentifier>{4FC737F1-C7A5-4376-A066-2A32D752A2FF}</UniqueIdentifier>
      <Extensions>cpp;c;cc;cxx;c++;cppm;ixx;def;odl;idl;hpj;bat;asm;asmx</Extensions>
    </Filter>
    <Filter Include="Header Files">
      <UniqueIdentifier>{93995380-89BD-4b04-88EB-625FBE52EBFB}</UniqueIdentifier>
      <Extensions>h;hh;hpp;hxx;h++;hm;inl;inc;ipp;xsd</Extensions>
    </Filter>
    <Filter Include="Resource Files">
      <UniqueIdentifier>{67DA6AB6-F800-4c08-8B7A-83BB121AAD01}</UniqueIdentifier>
      <Extensions>rc;ico;cur;bmp;dlg;rc2;rct;bin;rgs;gif;jpg;jpeg;jpe;resx;tiff;tif;png;wav;mfcribbon-ms</Extensions>
    </Filter>
    <Filter Include="thirdparty">
      <UniqueIdentifier>{42da267c-691d-4f05-9cbc-25bd3357754b}</UniqueIdentifier>
    </Filter>
    <Filter Include="thirdparty\rpmalloc">
      <UniqueIdentifier>{120f72ab-5abc-4e4c-8791-b86b8fcf8c08}</UniqueIdentifier>
    </Filter>
    <Filter Include="thirdparty\mimalloc">
      <UniqueIdentifier>{06a1fdf7-0fcc-4036-9844-e57ad6498990}</UniqueIdentifier>
    </Filter>
    <Filter Include="thirdparty\jemalloc">
      <UniqueIdentifier>{6bdfa8b4-cd00-4bdc-849d-f88e33e5c01a}</UniqueIdentifier>
    </Filter>
    <Filter Include="thirdparty\dlmalloc">
      <UniqueIdentifier>{2bd4c6fa-9737-4b6c-8b2d-1ec6288ccd23}</UniqueIdentifier>
    </Filter>
    <Filter Include="thirdparty\tlsf">
      <UniqueIdentifier>{90cfa51d-c777-4629-8bb3-739a8e93b08d}</UniqueIdentifier>
    </Filter>
  </ItemGroup>
  <ItemGroup>
    <ClCompile Include="MallocMicrobench.cpp">
      <Filter>Source Files</Filter>
    </ClCompile>
    <ClCompile Include="thirdparty\rpmalloc\rpmalloc.c">
      <Filter>thirdparty\rpmalloc</Filter>
    </ClCompile>
    <ClCompile Include="thirdparty\dlmalloc\dlmalloc.c">
      <Filter>thirdparty\dlmalloc</Filter>
    </ClCompile>
    <ClCompile Include="thirdparty\tlsf\tlsf.c">
      <Filter>thirdparty\tlsf</Filter>
    </ClCompile>
  </ItemGroup>
  <ItemGroup>
    <ClInclude Include="thirdparty\rpmalloc\rpmalloc.h">
      <Filter>thirdparty\rpmalloc</Filter>
    </ClInclude>
    <ClInclude Include="thirdparty\mimalloc\mimalloc.h">
      <Filter>thirdparty\mimalloc</Filter>
    </ClInclude>
    <ClInclude Include="thirdparty\jemalloc\jemalloc.h">
      <Filter>thirdparty\jemalloc</Filter>
    </ClInclude>
    <ClInclude Include="thirdparty\dlmalloc\dlmalloc.h">
      <Filter>thirdparty\dlmalloc</Filter>
    </ClInclude>
    <ClInclude Include="thirdparty\tlsf\tlsf.h">
      <Filter>thirdparty\tlsf</Filter>
    </ClInclude>
  </ItemGroup>
  <ItemGroup>
    <Library Include="thirdparty\mimalloc\mimalloc-static.lib">
      <Filter>thirdparty\mimalloc</Filter>
    </Library>
    <Library Include="thirdparty\jemalloc\lib\jemalloc.lib">
      <Filter>thirdparty\jemalloc</Filter>
    </Library>
  </ItemGroup>
  <ItemGroup>
    <CopyFileToFolders Include="thirdparty\jemalloc\lib\jemalloc.dll">
      <Filter>thirdparty\jemalloc</Filter>
    </CopyFileToFolders>
  </ItemGroup>
</Project>